// !$*UTF8*$!
{
	archiveVersion = 1;
	classes = {
	};
	objectVersion = 77;
	objects = {

/* Begin PBXBuildFile section */
		2E3DB5922D1B4D8700CAC25B /* nanocal Watch App.app in Embed Watch Content */ = {isa = PBXBuildFile; fileRef = 2E3DB5912D1B4D8700CAC25B /* nanocal Watch App.app */; settings = {ATTRIBUTES = (RemoveHeadersOnCopy, ); }; };
		2E3DB5AF2D1B4DAF00CAC25B /* WidgetKit.framework in Frameworks */ = {isa = PBXBuildFile; fileRef = 2E3DB5AE2D1B4DAF00CAC25B /* WidgetKit.framework */; };
		2E3DB5B12D1B4DAF00CAC25B /* SwiftUI.framework in Frameworks */ = {isa = PBXBuildFile; fileRef = 2E3DB5B02D1B4DAF00CAC25B /* SwiftUI.framework */; };
		2E3DB5BC2D1B4DB000CAC25B /* nanocal2Extension.appex in Embed Foundation Extensions */ = {isa = PBXBuildFile; fileRef = 2E3DB5AC2D1B4DAF00CAC25B /* nanocal2Extension.appex */; settings = {ATTRIBUTES = (RemoveHeadersOnCopy, ); }; };
/* End PBXBuildFile section */

/* Begin PBXContainerItemProxy section */
		2E3DB5932D1B4D8700CAC25B /* PBXContainerItemProxy */ = {
			isa = PBXContainerItemProxy;
			containerPortal = 2E3DB5792D1B4D8600CAC25B /* Project object */;
			proxyType = 1;
			remoteGlobalIDString = 2E3DB5902D1B4D8700CAC25B;
			remoteInfo = "nanocal Watch App";
		};
		2E3DB5BA2D1B4DB000CAC25B /* PBXContainerItemProxy */ = {
			isa = PBXContainerItemProxy;
			containerPortal = 2E3DB5792D1B4D8600CAC25B /* Project object */;
			proxyType = 1;
			remoteGlobalIDString = 2E3DB5AB2D1B4DAF00CAC25B;
			remoteInfo = nanocal2Extension;
		};
/* End PBXContainerItemProxy section */

/* Begin PBXCopyFilesBuildPhase section */
		2E3DB5A42D1B4D8800CAC25B /* Embed Watch Content */ = {
			isa = PBXCopyFilesBuildPhase;
			buildActionMask = 2147483647;
			dstPath = "$(CONTENTS_FOLDER_PATH)/Watch";
			dstSubfolderSpec = 16;
			files = (
				2E3DB5922D1B4D8700CAC25B /* nanocal Watch App.app in Embed Watch Content */,
			);
			name = "Embed Watch Content";
			runOnlyForDeploymentPostprocessing = 0;
		};
		2E3DB5C12D1B4DB000CAC25B /* Embed Foundation Extensions */ = {
			isa = PBXCopyFilesBuildPhase;
			buildActionMask = 2147483647;
			dstPath = "";
			dstSubfolderSpec = 13;
			files = (
				2E3DB5BC2D1B4DB000CAC25B /* nanocal2Extension.appex in Embed Foundation Extensions */,
			);
			name = "Embed Foundation Extensions";
			runOnlyForDeploymentPostprocessing = 0;
		};
/* End PBXCopyFilesBuildPhase section */

/* Begin PBXFileReference section */
		2E3DB5812D1B4D8600CAC25B /* nanocal.app */ = {isa = PBXFileReference; explicitFileType = wrapper.application; includeInIndex = 0; path = nanocal.app; sourceTree = BUILT_PRODUCTS_DIR; };
		2E3DB5912D1B4D8700CAC25B /* nanocal Watch App.app */ = {isa = PBXFileReference; explicitFileType = wrapper.application; includeInIndex = 0; path = "nanocal Watch App.app"; sourceTree = BUILT_PRODUCTS_DIR; };
		2E3DB5AC2D1B4DAF00CAC25B /* nanocal2Extension.appex */ = {isa = PBXFileReference; explicitFileType = "wrapper.app-extension"; includeInIndex = 0; path = nanocal2Extension.appex; sourceTree = BUILT_PRODUCTS_DIR; };
		2E3DB5AE2D1B4DAF00CAC25B /* WidgetKit.framework */ = {isa = PBXFileReference; lastKnownFileType = wrapper.framework; name = WidgetKit.framework; path = System/Library/Frameworks/WidgetKit.framework; sourceTree = SDKROOT; };
		2E3DB5B02D1B4DAF00CAC25B /* SwiftUI.framework */ = {isa = PBXFileReference; lastKnownFileType = wrapper.framework; name = SwiftUI.framework; path = System/Library/Frameworks/SwiftUI.framework; sourceTree = SDKROOT; };
/* End PBXFileReference section */

/* Begin PBXFileSystemSynchronizedBuildFileExceptionSet section */
		2E3DB5BD2D1B4DB000CAC25B /* Exceptions for "nanocal2" folder in "nanocal2Extension" target */ = {
			isa = PBXFileSystemSynchronizedBuildFileExceptionSet;
			membershipExceptions = (
				Info.plist,
			);
			target = 2E3DB5AB2D1B4DAF00CAC25B /* nanocal2Extension */;
		};
/* End PBXFileSystemSynchronizedBuildFileExceptionSet section */

/* Begin PBXFileSystemSynchronizedRootGroup section */
		2E3DB5832D1B4D8600CAC25B /* nanocal */ = {
			isa = PBXFileSystemSynchronizedRootGroup;
			path = nanocal;
			sourceTree = "<group>";
		};
		2E3DB5952D1B4D8700CAC25B /* nanocal Watch App */ = {
			isa = PBXFileSystemSynchronizedRootGroup;
			path = "nanocal Watch App";
			sourceTree = "<group>";
		};
		2E3DB5B22D1B4DAF00CAC25B /* nanocal2 */ = {
			isa = PBXFileSystemSynchronizedRootGroup;
			exceptions = (
				2E3DB5BD2D1B4DB000CAC25B /* Exceptions for "nanocal2" folder in "nanocal2Extension" target */,
			);
			path = nanocal2;
			sourceTree = "<group>";
		};
/* End PBXFileSystemSynchronizedRootGroup section */

/* Begin PBXFrameworksBuildPhase section */
		2E3DB57E2D1B4D8600CAC25B /* Frameworks */ = {
			isa = PBXFrameworksBuildPhase;
			buildActionMask = 2147483647;
			files = (
			);
			runOnlyForDeploymentPostprocessing = 0;
		};
		2E3DB58E2D1B4D8700CAC25B /* Frameworks */ = {
			isa = PBXFrameworksBuildPhase;
			buildActionMask = 2147483647;
			files = (
			);
			runOnlyForDeploymentPostprocessing = 0;
		};
		2E3DB5A92D1B4DAF00CAC25B /* Frameworks */ = {
			isa = PBXFrameworksBuildPhase;
			buildActionMask = 2147483647;
			files = (
				2E3DB5B12D1B4DAF00CAC25B /* SwiftUI.framework in Frameworks */,
				2E3DB5AF2D1B4DAF00CAC25B /* WidgetKit.framework in Frameworks */,
			);
			runOnlyForDeploymentPostprocessing = 0;
		};
/* End PBXFrameworksBuildPhase section */

/* Begin PBXGroup section */
		2E3DB5782D1B4D8600CAC25B = {
			isa = PBXGroup;
			children = (
				2E3DB5832D1B4D8600CAC25B /* nanocal */,
				2E3DB5952D1B4D8700CAC25B /* nanocal Watch App */,
				2E3DB5B22D1B4DAF00CAC25B /* nanocal2 */,
				2E3DB5AD2D1B4DAF00CAC25B /* Frameworks */,
				2E3DB5822D1B4D8600CAC25B /* Products */,
			);
			sourceTree = "<group>";
		};
		2E3DB5822D1B4D8600CAC25B /* Products */ = {
			isa = PBXGroup;
			children = (
				2E3DB5812D1B4D8600CAC25B /* nanocal.app */,
				2E3DB5912D1B4D8700CAC25B /* nanocal Watch App.app */,
				2E3DB5AC2D1B4DAF00CAC25B /* nanocal2Extension.appex */,
			);
			name = Products;
			sourceTree = "<group>";
		};
		2E3DB5AD2D1B4DAF00CAC25B /* Frameworks */ = {
			isa = PBXGroup;
			children = (
				2E3DB5AE2D1B4DAF00CAC25B /* WidgetKit.framework */,
				2E3DB5B02D1B4DAF00CAC25B /* SwiftUI.framework */,
			);
			name = Frameworks;
			sourceTree = "<group>";
		};
/* End PBXGroup section */

/* Begin PBXNativeTarget section */
		2E3DB5802D1B4D8600CAC25B /* nanocal */ = {
			isa = PBXNativeTarget;
			buildConfigurationList = 2E3DB5A52D1B4D8800CAC25B /* Build configuration list for PBXNativeTarget "nanocal" */;
			buildPhases = (
				2E3DB57D2D1B4D8600CAC25B /* Sources */,
				2E3DB57E2D1B4D8600CAC25B /* Frameworks */,
				2E3DB57F2D1B4D8600CAC25B /* Resources */,
				2E3DB5A42D1B4D8800CAC25B /* Embed Watch Content */,
			);
			buildRules = (
			);
			dependencies = (
				2E3DB5942D1B4D8700CAC25B /* PBXTargetDependency */,
			);
			fileSystemSynchronizedGroups = (
				2E3DB5832D1B4D8600CAC25B /* nanocal */,
			);
			name = nanocal;
			packageProductDependencies = (
			);
			productName = nanocal;
			productReference = 2E3DB5812D1B4D8600CAC25B /* nanocal.app */;
			productType = "com.apple.product-type.application";
		};
		2E3DB5902D1B4D8700CAC25B /* nanocal Watch App */ = {
			isa = PBXNativeTarget;
			buildConfigurationList = 2E3DB5A12D1B4D8800CAC25B /* Build configuration list for PBXNativeTarget "nanocal Watch App" */;
			buildPhases = (
				2E3DB58D2D1B4D8700CAC25B /* Sources */,
				2E3DB58E2D1B4D8700CAC25B /* Frameworks */,
				2E3DB58F2D1B4D8700CAC25B /* Resources */,
				2E3DB5C12D1B4DB000CAC25B /* Embed Foundation Extensions */,
			);
			buildRules = (
			);
			dependencies = (
				2E3DB5BB2D1B4DB000CAC25B /* PBXTargetDependency */,
			);
			fileSystemSynchronizedGroups = (
				2E3DB5952D1B4D8700CAC25B /* nanocal Watch App */,
			);
			name = "nanocal Watch App";
			packageProductDependencies = (
			);
			productName = "nanocal Watch App";
			productReference = 2E3DB5912D1B4D8700CAC25B /* nanocal Watch App.app */;
			productType = "com.apple.product-type.application";
		};
		2E3DB5AB2D1B4DAF00CAC25B /* nanocal2Extension */ = {
			isa = PBXNativeTarget;
			buildConfigurationList = 2E3DB5BE2D1B4DB000CAC25B /* Build configuration list for PBXNativeTarget "nanocal2Extension" */;
			buildPhases = (
				2E3DB5A82D1B4DAF00CAC25B /* Sources */,
				2E3DB5A92D1B4DAF00CAC25B /* Frameworks */,
				2E3DB5AA2D1B4DAF00CAC25B /* Resources */,
			);
			buildRules = (
			);
			dependencies = (
			);
			fileSystemSynchronizedGroups = (
				2E3DB5B22D1B4DAF00CAC25B /* nanocal2 */,
			);
			name = nanocal2Extension;
			packageProductDependencies = (
			);
			productName = nanocal2Extension;
			productReference = 2E3DB5AC2D1B4DAF00CAC25B /* nanocal2Extension.appex */;
			productType = "com.apple.product-type.app-extension";
		};
/* End PBXNativeTarget section */

/* Begin PBXProject section */
		2E3DB5792D1B4D8600CAC25B /* Project object */ = {
			isa = PBXProject;
			attributes = {
				BuildIndependentTargetsInParallel = 1;
				LastSwiftUpdateCheck = 1610;
				LastUpgradeCheck = 1610;
				TargetAttributes = {
					2E3DB5802D1B4D8600CAC25B = {
						CreatedOnToolsVersion = 16.1;
					};
					2E3DB5902D1B4D8700CAC25B = {
						CreatedOnToolsVersion = 16.1;
					};
					2E3DB5AB2D1B4DAF00CAC25B = {
						CreatedOnToolsVersion = 16.1;
					};
				};
			};
			buildConfigurationList = 2E3DB57C2D1B4D8600CAC25B /* Build configuration list for PBXProject "nanocal" */;
			developmentRegion = en;
			hasScannedForEncodings = 0;
			knownRegions = (
				en,
				Base,
			);
			mainGroup = 2E3DB5782D1B4D8600CAC25B;
			minimizedProjectReferenceProxies = 1;
			preferredProjectObjectVersion = 77;
			productRefGroup = 2E3DB5822D1B4D8600CAC25B /* Products */;
			projectDirPath = "";
			projectRoot = "";
			targets = (
				2E3DB5802D1B4D8600CAC25B /* nanocal */,
				2E3DB5902D1B4D8700CAC25B /* nanocal Watch App */,
				2E3DB5AB2D1B4DAF00CAC25B /* nanocal2Extension */,
			);
		};
/* End PBXProject section */

/* Begin PBXResourcesBuildPhase section */
		2E3DB57F2D1B4D8600CAC25B /* Resources */ = {
			isa = PBXResourcesBuildPhase;
			buildActionMask = 2147483647;
			files = (
			);
			runOnlyForDeploymentPostprocessing = 0;
		};
		2E3DB58F2D1B4D8700CAC25B /* Resources */ = {
			isa = PBXResourcesBuildPhase;
			buildActionMask = 2147483647;
			files = (
			);
			runOnlyForDeploymentPostprocessing = 0;
		};
		2E3DB5AA2D1B4DAF00CAC25B /* Resources */ = {
			isa = PBXResourcesBuildPhase;
			buildActionMask = 2147483647;
			files = (
			);
			runOnlyForDeploymentPostprocessing = 0;
		};
/* End PBXResourcesBuildPhase section */

/* Begin PBXSourcesBuildPhase section */
		2E3DB57D2D1B4D8600CAC25B /* Sources */ = {
			isa = PBXSourcesBuildPhase;
			buildActionMask = 2147483647;
			files = (
			);
			runOnlyForDeploymentPostprocessing = 0;
		};
		2E3DB58D2D1B4D8700CAC25B /* Sources */ = {
			isa = PBXSourcesBuildPhase;
			buildActionMask = 2147483647;
			files = (
			);
			runOnlyForDeploymentPostprocessing = 0;
		};
		2E3DB5A82D1B4DAF00CAC25B /* Sources */ = {
			isa = PBXSourcesBuildPhase;
			buildActionMask = 2147483647;
			files = (
			);
			runOnlyForDeploymentPostprocessing = 0;
		};
/* End PBXSourcesBuildPhase section */

/* Begin PBXTargetDependency section */
		2E3DB5942D1B4D8700CAC25B /* PBXTargetDependency */ = {
			isa = PBXTargetDependency;
			target = 2E3DB5902D1B4D8700CAC25B /* nanocal Watch App */;
			targetProxy = 2E3DB5932D1B4D8700CAC25B /* PBXContainerItemProxy */;
		};
		2E3DB5BB2D1B4DB000CAC25B /* PBXTargetDependency */ = {
			isa = PBXTargetDependency;
			target = 2E3DB5AB2D1B4DAF00CAC25B /* nanocal2Extension */;
			targetProxy = 2E3DB5BA2D1B4DB000CAC25B /* PBXContainerItemProxy */;
		};
/* End PBXTargetDependency section */

/* Begin XCBuildConfiguration section */
		2E3DB59F2D1B4D8800CAC25B /* Debug */ = {
			isa = XCBuildConfiguration;
			buildSettings = {
				ALWAYS_SEARCH_USER_PATHS = NO;
				ASSETCATALOG_COMPILER_GENERATE_SWIFT_ASSET_SYMBOL_EXTENSIONS = YES;
				CLANG_ANALYZER_NONNULL = YES;
				CLANG_ANALYZER_NUMBER_OBJECT_CONVERSION = YES_AGGRESSIVE;
				CLANG_CXX_LANGUAGE_STANDARD = "gnu++20";
				CLANG_ENABLE_MODULES = YES;
				CLANG_ENABLE_OBJC_ARC = YES;
				CLANG_ENABLE_OBJC_WEAK = YES;
				CLANG_WARN_BLOCK_CAPTURE_AUTORELEASING = YES;
				CLANG_WARN_BOOL_CONVERSION = YES;
				CLANG_WARN_COMMA = YES;
				CLANG_WARN_CONSTANT_CONVERSION = YES;
				CLANG_WARN_DEPRECATED_OBJC_IMPLEMENTATIONS = YES;
				CLANG_WARN_DIRECT_OBJC_ISA_USAGE = YES_ERROR;
				CLANG_WARN_DOCUMENTATION_COMMENTS = YES;
				CLANG_WARN_EMPTY_BODY = YES;
				CLANG_WARN_ENUM_CONVERSION = YES;
				CLANG_WARN_INFINITE_RECURSION = YES;
				CLANG_WARN_INT_CONVERSION = YES;
				CLANG_WARN_NON_LITERAL_NULL_CONVERSION = YES;
				CLANG_WARN_OBJC_IMPLICIT_RETAIN_SELF = YES;
				CLANG_WARN_OBJC_LITERAL_CONVERSION = YES;
				CLANG_WARN_OBJC_ROOT_CLASS = YES_ERROR;
				CLANG_WARN_QUOTED_INCLUDE_IN_FRAMEWORK_HEADER = YES;
				CLANG_WARN_RANGE_LOOP_ANALYSIS = YES;
				CLANG_WARN_STRICT_PROTOTYPES = YES;
				CLANG_WARN_SUSPICIOUS_MOVE = YES;
				CLANG_WARN_UNGUARDED_AVAILABILITY = YES_AGGRESSIVE;
				CLANG_WARN_UNREACHABLE_CODE = YES;
				CLANG_WARN__DUPLICATE_METHOD_MATCH = YES;
				COPY_PHASE_STRIP = NO;
				DEBUG_INFORMATION_FORMAT = dwarf;
				ENABLE_STRICT_OBJC_MSGSEND = YES;
				ENABLE_TESTABILITY = YES;
				ENABLE_USER_SCRIPT_SANDBOXING = YES;
				GCC_C_LANGUAGE_STANDARD = gnu17;
				GCC_DYNAMIC_NO_PIC = NO;
				GCC_NO_COMMON_BLOCKS = YES;
				GCC_OPTIMIZATION_LEVEL = 0;
				GCC_PREPROCESSOR_DEFINITIONS = (
					"DEBUG=1",
					"$(inherited)",
				);
				GCC_WARN_64_TO_32_BIT_CONVERSION = YES;
				GCC_WARN_ABOUT_RETURN_TYPE = YES_ERROR;
				GCC_WARN_UNDECLARED_SELECTOR = YES;
				GCC_WARN_UNINITIALIZED_AUTOS = YES_AGGRESSIVE;
				GCC_WARN_UNUSED_FUNCTION = YES;
				GCC_WARN_UNUSED_VARIABLE = YES;
				LOCALIZATION_PREFERS_STRING_CATALOGS = YES;
				MTL_ENABLE_DEBUG_INFO = INCLUDE_SOURCE;
				MTL_FAST_MATH = YES;
				ONLY_ACTIVE_ARCH = YES;
				SWIFT_ACTIVE_COMPILATION_CONDITIONS = "DEBUG $(inherited)";
				SWIFT_OPTIMIZATION_LEVEL = "-Onone";
			};
			name = Debug;
		};
		2E3DB5A02D1B4D8800CAC25B /* Release */ = {
			isa = XCBuildConfiguration;
			buildSettings = {
				ALWAYS_SEARCH_USER_PATHS = NO;
				ASSETCATALOG_COMPILER_GENERATE_SWIFT_ASSET_SYMBOL_EXTENSIONS = YES;
				CLANG_ANALYZER_NONNULL = YES;
				CLANG_ANALYZER_NUMBER_OBJECT_CONVERSION = YES_AGGRESSIVE;
				CLANG_CXX_LANGUAGE_STANDARD = "gnu++20";
				CLANG_ENABLE_MODULES = YES;
				CLANG_ENABLE_OBJC_ARC = YES;
				CLANG_ENABLE_OBJC_WEAK = YES;
				CLANG_WARN_BLOCK_CAPTURE_AUTORELEASING = YES;
				CLANG_WARN_BOOL_CONVERSION = YES;
				CLANG_WARN_COMMA = YES;
				CLANG_WARN_CONSTANT_CONVERSION = YES;
				CLANG_WARN_DEPRECATED_OBJC_IMPLEMENTATIONS = YES;
				CLANG_WARN_DIRECT_OBJC_ISA_USAGE = YES_ERROR;
				CLANG_WARN_DOCUMENTATION_COMMENTS = YES;
				CLANG_WARN_EMPTY_BODY = YES;
				CLANG_WARN_ENUM_CONVERSION = YES;
				CLANG_WARN_INFINITE_RECURSION = YES;
				CLANG_WARN_INT_CONVERSION = YES;
				CLANG_WARN_NON_LITERAL_NULL_CONVERSION = YES;
				CLANG_WARN_OBJC_IMPLICIT_RETAIN_SELF = YES;
				CLANG_WARN_OBJC_LITERAL_CONVERSION = YES;
				CLANG_WARN_OBJC_ROOT_CLASS = YES_ERROR;
				CLANG_WARN_QUOTED_INCLUDE_IN_FRAMEWORK_HEADER = YES;
				CLANG_WARN_RANGE_LOOP_ANALYSIS = YES;
				CLANG_WARN_STRICT_PROTOTYPES = YES;
				CLANG_WARN_SUSPICIOUS_MOVE = YES;
				CLANG_WARN_UNGUARDED_AVAILABILITY = YES_AGGRESSIVE;
				CLANG_WARN_UNREACHABLE_CODE = YES;
				CLANG_WARN__DUPLICATE_METHOD_MATCH = YES;
				COPY_PHASE_STRIP = NO;
				DEBUG_INFORMATION_FORMAT = "dwarf-with-dsym";
				ENABLE_NS_ASSERTIONS = NO;
				ENABLE_STRICT_OBJC_MSGSEND = YES;
				ENABLE_USER_SCRIPT_SANDBOXING = YES;
				GCC_C_LANGUAGE_STANDARD = gnu17;
				GCC_NO_COMMON_BLOCKS = YES;
				GCC_WARN_64_TO_32_BIT_CONVERSION = YES;
				GCC_WARN_ABOUT_RETURN_TYPE = YES_ERROR;
				GCC_WARN_UNDECLARED_SELECTOR = YES;
				GCC_WARN_UNINITIALIZED_AUTOS = YES_AGGRESSIVE;
				GCC_WARN_UNUSED_FUNCTION = YES;
				GCC_WARN_UNUSED_VARIABLE = YES;
				LOCALIZATION_PREFERS_STRING_CATALOGS = YES;
				MTL_ENABLE_DEBUG_INFO = NO;
				MTL_FAST_MATH = YES;
				SWIFT_COMPILATION_MODE = wholemodule;
			};
			name = Release;
		};
		2E3DB5A22D1B4D8800CAC25B /* Debug */ = {
			isa = XCBuildConfiguration;
			buildSettings = {
				ASSETCATALOG_COMPILER_APPICON_NAME = AppIcon;
				ASSETCATALOG_COMPILER_GLOBAL_ACCENT_COLOR_NAME = AccentColor;
				CODE_SIGN_STYLE = Automatic;
				CURRENT_PROJECT_VERSION = 1;
				DEVELOPMENT_ASSET_PATHS = "\"nanocal Watch App/Preview Content\"";
				DEVELOPMENT_TEAM = VZPMV36P9L;
				ENABLE_PREVIEWS = YES;
				GENERATE_INFOPLIST_FILE = YES;
				INFOPLIST_KEY_CFBundleDisplayName = nanocal;
				INFOPLIST_KEY_UISupportedInterfaceOrientations = "UIInterfaceOrientationPortrait UIInterfaceOrientationPortraitUpsideDown";
				INFOPLIST_KEY_WKCompanionAppBundleIdentifier = com.bryandebourbon.nanocal;
				LD_RUNPATH_SEARCH_PATHS = (
					"$(inherited)",
					"@executable_path/Frameworks",
				);
				MARKETING_VERSION = 1.0;
				PRODUCT_BUNDLE_IDENTIFIER = com.bryandebourbon.nanocal.watchkitapp;
				PRODUCT_NAME = "$(TARGET_NAME)";
				SDKROOT = watchos;
				SKIP_INSTALL = YES;
				SWIFT_EMIT_LOC_STRINGS = YES;
				SWIFT_VERSION = 5.0;
				TARGETED_DEVICE_FAMILY = 4;
				WATCHOS_DEPLOYMENT_TARGET = 11.0;
			};
			name = Debug;
		};
		2E3DB5A32D1B4D8800CAC25B /* Release */ = {
			isa = XCBuildConfiguration;
			buildSettings = {
				ASSETCATALOG_COMPILER_APPICON_NAME = AppIcon;
				ASSETCATALOG_COMPILER_GLOBAL_ACCENT_COLOR_NAME = AccentColor;
				CODE_SIGN_STYLE = Automatic;
				CURRENT_PROJECT_VERSION = 1;
				DEVELOPMENT_ASSET_PATHS = "\"nanocal Watch App/Preview Content\"";
				DEVELOPMENT_TEAM = VZPMV36P9L;
				ENABLE_PREVIEWS = YES;
				GENERATE_INFOPLIST_FILE = YES;
				INFOPLIST_KEY_CFBundleDisplayName = nanocal;
				INFOPLIST_KEY_UISupportedInterfaceOrientations = "UIInterfaceOrientationPortrait UIInterfaceOrientationPortraitUpsideDown";
				INFOPLIST_KEY_WKCompanionAppBundleIdentifier = com.bryandebourbon.nanocal;
				LD_RUNPATH_SEARCH_PATHS = (
					"$(inherited)",
					"@executable_path/Frameworks",
				);
				MARKETING_VERSION = 1.0;
				PRODUCT_BUNDLE_IDENTIFIER = com.bryandebourbon.nanocal.watchkitapp;
				PRODUCT_NAME = "$(TARGET_NAME)";
				SDKROOT = watchos;
				SKIP_INSTALL = YES;
				SWIFT_EMIT_LOC_STRINGS = YES;
				SWIFT_VERSION = 5.0;
				TARGETED_DEVICE_FAMILY = 4;
				VALIDATE_PRODUCT = YES;
				WATCHOS_DEPLOYMENT_TARGET = 11.0;
			};
			name = Release;
		};
		2E3DB5A62D1B4D8800CAC25B /* Debug */ = {
			isa = XCBuildConfiguration;
			buildSettings = {
				ASSETCATALOG_COMPILER_APPICON_NAME = AppIcon;
				ASSETCATALOG_COMPILER_GLOBAL_ACCENT_COLOR_NAME = AccentColor;
				CODE_SIGN_STYLE = Automatic;
				CURRENT_PROJECT_VERSION = 1;
				DEVELOPMENT_ASSET_PATHS = "\"nanocal/Preview Content\"";
				DEVELOPMENT_TEAM = VZPMV36P9L;
				ENABLE_PREVIEWS = YES;
				GENERATE_INFOPLIST_FILE = YES;
				INFOPLIST_KEY_CFBundleDisplayName = nanocal;
				INFOPLIST_KEY_UIApplicationSceneManifest_Generation = YES;
				INFOPLIST_KEY_UIApplicationSupportsIndirectInputEvents = YES;
				INFOPLIST_KEY_UILaunchScreen_Generation = YES;
				INFOPLIST_KEY_UISupportedInterfaceOrientations_iPad = "UIInterfaceOrientationPortrait UIInterfaceOrientationPortraitUpsideDown UIInterfaceOrientationLandscapeLeft UIInterfaceOrientationLandscapeRight";
				INFOPLIST_KEY_UISupportedInterfaceOrientations_iPhone = "UIInterfaceOrientationPortrait UIInterfaceOrientationLandscapeLeft UIInterfaceOrientationLandscapeRight";
				IPHONEOS_DEPLOYMENT_TARGET = 18.1;
				LD_RUNPATH_SEARCH_PATHS = (
					"$(inherited)",
					"@executable_path/Frameworks",
				);
				MARKETING_VERSION = 1.0;
				PRODUCT_BUNDLE_IDENTIFIER = com.bryandebourbon.nanocal;
				PRODUCT_NAME = "$(TARGET_NAME)";
				SDKROOT = iphoneos;
				SWIFT_EMIT_LOC_STRINGS = YES;
				SWIFT_VERSION = 5.0;
				TARGETED_DEVICE_FAMILY = "1,2";
				WATCHOS_DEPLOYMENT_TARGET = 11.0;
			};
			name = Debug;
		};
		2E3DB5A72D1B4D8800CAC25B /* Release */ = {
			isa = XCBuildConfiguration;
			buildSettings = {
				ASSETCATALOG_COMPILER_APPICON_NAME = AppIcon;
				ASSETCATALOG_COMPILER_GLOBAL_ACCENT_COLOR_NAME = AccentColor;
				CODE_SIGN_STYLE = Automatic;
				CURRENT_PROJECT_VERSION = 1;
				DEVELOPMENT_ASSET_PATHS = "\"nanocal/Preview Content\"";
				DEVELOPMENT_TEAM = VZPMV36P9L;
				ENABLE_PREVIEWS = YES;
				GENERATE_INFOPLIST_FILE = YES;
				INFOPLIST_KEY_CFBundleDisplayName = nanocal;
				INFOPLIST_KEY_UIApplicationSceneManifest_Generation = YES;
				INFOPLIST_KEY_UIApplicationSupportsIndirectInputEvents = YES;
				INFOPLIST_KEY_UILaunchScreen_Generation = YES;
				INFOPLIST_KEY_UISupportedInterfaceOrientations_iPad = "UIInterfaceOrientationPortrait UIInterfaceOrientationPortraitUpsideDown UIInterfaceOrientationLandscapeLeft UIInterfaceOrientationLandscapeRight";
				INFOPLIST_KEY_UISupportedInterfaceOrientations_iPhone = "UIInterfaceOrientationPortrait UIInterfaceOrientationLandscapeLeft UIInterfaceOrientationLandscapeRight";
				IPHONEOS_DEPLOYMENT_TARGET = 18.1;
				LD_RUNPATH_SEARCH_PATHS = (
					"$(inherited)",
					"@executable_path/Frameworks",
				);
				MARKETING_VERSION = 1.0;
				PRODUCT_BUNDLE_IDENTIFIER = com.bryandebourbon.nanocal;
				PRODUCT_NAME = "$(TARGET_NAME)";
				SDKROOT = iphoneos;
				SWIFT_EMIT_LOC_STRINGS = YES;
				SWIFT_VERSION = 5.0;
				TARGETED_DEVICE_FAMILY = "1,2";
				VALIDATE_PRODUCT = YES;
				WATCHOS_DEPLOYMENT_TARGET = 11.0;
			};
			name = Release;
		};
		2E3DB5BF2D1B4DB000CAC25B /* Debug */ = {
			isa = XCBuildConfiguration;
			buildSettings = {
				ASSETCATALOG_COMPILER_GLOBAL_ACCENT_COLOR_NAME = AccentColor;
				ASSETCATALOG_COMPILER_WIDGET_BACKGROUND_COLOR_NAME = WidgetBackground;
				CODE_SIGN_STYLE = Automatic;
				CURRENT_PROJECT_VERSION = 1;
				DEVELOPMENT_TEAM = VZPMV36P9L;
				GENERATE_INFOPLIST_FILE = YES;
				INFOPLIST_FILE = nanocal2/Info.plist;
				INFOPLIST_KEY_CFBundleDisplayName = nanocal;
				INFOPLIST_KEY_NSHumanReadableCopyright = "";
				LD_RUNPATH_SEARCH_PATHS = (
					"$(inherited)",
					"@executable_path/Frameworks",
					"@executable_path/../../Frameworks",
					"@executable_path/../../../../Frameworks",
				);
				MARKETING_VERSION = 1.0;
				PRODUCT_BUNDLE_IDENTIFIER = com.bryandebourbon.nanocal.watchkitapp.nanocal2;
				PRODUCT_NAME = "$(TARGET_NAME)";
				SDKROOT = watchos;
				SKIP_INSTALL = YES;
				SWIFT_EMIT_LOC_STRINGS = YES;
				SWIFT_VERSION = 5.0;
				TARGETED_DEVICE_FAMILY = 4;
				WATCHOS_DEPLOYMENT_TARGET = 11.0;
			};
			name = Debug;
		};
		2E3DB5C02D1B4DB000CAC25B /* Release */ = {
			isa = XCBuildConfiguration;
			buildSettings = {
				ASSETCATALOG_COMPILER_GLOBAL_ACCENT_COLOR_NAME = AccentColor;
				ASSETCATALOG_COMPILER_WIDGET_BACKGROUND_COLOR_NAME = WidgetBackground;
				CODE_SIGN_STYLE = Automatic;
				CURRENT_PROJECT_VERSION = 1;
				DEVELOPMENT_TEAM = VZPMV36P9L;
				GENERATE_INFOPLIST_FILE = YES;
				INFOPLIST_FILE = nanocal2/Info.plist;
				INFOPLIST_KEY_CFBundleDisplayName = nanocal;
				INFOPLIST_KEY_NSHumanReadableCopyright = "";
				LD_RUNPATH_SEARCH_PATHS = (
					"$(inherited)",
					"@executable_path/Frameworks",
					"@executable_path/../../Frameworks",
					"@executable_path/../../../../Frameworks",
				);
				MARKETING_VERSION = 1.0;
				PRODUCT_BUNDLE_IDENTIFIER = com.bryandebourbon.nanocal.watchkitapp.nanocal2;
				PRODUCT_NAME = "$(TARGET_NAME)";
				SDKROOT = watchos;
				SKIP_INSTALL = YES;
				SWIFT_EMIT_LOC_STRINGS = YES;
				SWIFT_VERSION = 5.0;
				TARGETED_DEVICE_FAMILY = 4;
				VALIDATE_PRODUCT = YES;
				WATCHOS_DEPLOYMENT_TARGET = 11.0;
			};
			name = Release;
		};
/* End XCBuildConfiguration section */

/* Begin XCConfigurationList section */
		2E3DB57C2D1B4D8600CAC25B /* Build configuration list for PBXProject "nanocal" */ = {
			isa = XCConfigurationList;
			buildConfigurations = (
				2E3DB59F2D1B4D8800CAC25B /* Debug */,
				2E3DB5A02D1B4D8800CAC25B /* Release */,
			);
			defaultConfigurationIsVisible = 0;
			defaultConfigurationName = Release;
		};
		2E3DB5A12D1B4D8800CAC25B /* Build configuration list for PBXNativeTarget "nanocal Watch App" */ = {
			isa = XCConfigurationList;
			buildConfigurations = (
				2E3DB5A22D1B4D8800CAC25B /* Debug */,
				2E3DB5A32D1B4D8800CAC25B /* Release */,
			);
			defaultConfigurationIsVisible = 0;
			defaultConfigurationName = Release;
		};
		2E3DB5A52D1B4D8800CAC25B /* Build configuration list for PBXNativeTarget "nanocal" */ = {
			isa = XCConfigurationList;
			buildConfigurations = (
				2E3DB5A62D1B4D8800CAC25B /* Debug */,
				2E3DB5A72D1B4D8800CAC25B /* Release */,
			);
			defaultConfigurationIsVisible = 0;
			defaultConfigurationName = Release;
		};
		2E3DB5BE2D1B4DB000CAC25B /* Build configuration list for PBXNativeTarget "nanocal2Extension" */ = {
			isa = XCConfigurationList;
			buildConfigurations = (
				2E3DB5BF2D1B4DB000CAC25B /* Debug */,
				2E3DB5C02D1B4DB000CAC25B /* Release */,
			);
			defaultConfigurationIsVisible = 0;
			defaultConfigurationName = Release;
		};
/* End XCConfigurationList section */
	};
	rootObject = 2E3DB5792D1B4D8600CAC25B /* Project object */;
}
